// !$*UTF8*$!
{
	archiveVersion = 1;
	classes = {
	};
	objectVersion = 51;
	objects = {

/* Begin PBXBuildFile section */
		280FED4E240E4C91002D2435 /* AppDelegate.swift in Sources */ = {isa = PBXBuildFile; fileRef = 280FED4D240E4C91002D2435 /* AppDelegate.swift */; };
		280FED50240E4C91002D2435 /* SceneDelegate.swift in Sources */ = {isa = PBXBuildFile; fileRef = 280FED4F240E4C91002D2435 /* SceneDelegate.swift */; };
		280FED55240E4C91002D2435 /* Main.storyboard in Resources */ = {isa = PBXBuildFile; fileRef = 280FED53240E4C91002D2435 /* Main.storyboard */; };
		280FED57240E4C9D002D2435 /* Assets.xcassets in Resources */ = {isa = PBXBuildFile; fileRef = 280FED56240E4C9D002D2435 /* Assets.xcassets */; };
		280FED5A240E4C9D002D2435 /* LaunchScreen.storyboard in Resources */ = {isa = PBXBuildFile; fileRef = 280FED58240E4C9D002D2435 /* LaunchScreen.storyboard */; };
		280FED62240E531C002D2435 /* .gitignore in Resources */ = {isa = PBXBuildFile; fileRef = 280FED61240E531C002D2435 /* .gitignore */; };
		280FED6C240ED665002D2435 /* GoogleService-Info.plist in Resources */ = {isa = PBXBuildFile; fileRef = 280FED6B240ED665002D2435 /* GoogleService-Info.plist */; };
		280FED70240EECC2002D2435 /* README.md in Resources */ = {isa = PBXBuildFile; fileRef = 280FED6F240EECC2002D2435 /* README.md */; };
		280FED76240FADBA002D2435 /* Channel.swift in Sources */ = {isa = PBXBuildFile; fileRef = 280FED75240FADBA002D2435 /* Channel.swift */; };
		280FED79240FC194002D2435 /* GroupViewController.swift in Sources */ = {isa = PBXBuildFile; fileRef = 280FED78240FC194002D2435 /* GroupViewController.swift */; };
		280FED8124101FEE002D2435 /* GroupViewTableViewCell.swift in Sources */ = {isa = PBXBuildFile; fileRef = 280FED8024101FEE002D2435 /* GroupViewTableViewCell.swift */; };
		282DC846244BD3D700F6E9FA /* VideoViewController.swift in Sources */ = {isa = PBXBuildFile; fileRef = 282DC845244BD3D700F6E9FA /* VideoViewController.swift */; };
		282DC848244BE85B00F6E9FA /* VideoTableViewCell.swift in Sources */ = {isa = PBXBuildFile; fileRef = 282DC847244BE85B00F6E9FA /* VideoTableViewCell.swift */; };
		282DC84D244D181A00F6E9FA /* GameViewController.swift in Sources */ = {isa = PBXBuildFile; fileRef = 282DC84C244D181A00F6E9FA /* GameViewController.swift */; };
		283F581E241B6ED20092E7D8 /* Message.swift in Sources */ = {isa = PBXBuildFile; fileRef = 283F581D241B6ED20092E7D8 /* Message.swift */; };
		283F5822241B72410092E7D8 /* ChannelViewController.swift in Sources */ = {isa = PBXBuildFile; fileRef = 283F5821241B72410092E7D8 /* ChannelViewController.swift */; };
		283F5827241BBD050092E7D8 /* Extention.swift in Sources */ = {isa = PBXBuildFile; fileRef = 283F5826241BBD050092E7D8 /* Extention.swift */; };
		283F5829241BCCD90092E7D8 /* ChannelViewTableViewCell.swift in Sources */ = {isa = PBXBuildFile; fileRef = 283F5828241BCCD90092E7D8 /* ChannelViewTableViewCell.swift */; };
		283F5835241E2C050092E7D8 /* DatabaseRepresentation.swift in Sources */ = {isa = PBXBuildFile; fileRef = 283F5834241E2C040092E7D8 /* DatabaseRepresentation.swift */; };
		283F5837241E48B00092E7D8 /* Group.swift in Sources */ = {isa = PBXBuildFile; fileRef = 283F5836241E48AF0092E7D8 /* Group.swift */; };
		283F5839241F691C0092E7D8 /* AddChannelViewController.swift in Sources */ = {isa = PBXBuildFile; fileRef = 283F5838241F691B0092E7D8 /* AddChannelViewController.swift */; };
		28DA3B9C2454AD29005B8C2E /* DistrictViewController.swift in Sources */ = {isa = PBXBuildFile; fileRef = 28DA3B9B2454AD29005B8C2E /* DistrictViewController.swift */; };
		28DA3B9E2454AF6A005B8C2E /* DistrictTableViewCell.swift in Sources */ = {isa = PBXBuildFile; fileRef = 28DA3B9D2454AF6A005B8C2E /* DistrictTableViewCell.swift */; };
		28DC3DE5241F963500D06C7F /* ChatViewController.swift in Sources */ = {isa = PBXBuildFile; fileRef = 28DC3DE4241F963500D06C7F /* ChatViewController.swift */; };
		28DC3DE7241FB1B200D06C7F /* NavigationController.swift in Sources */ = {isa = PBXBuildFile; fileRef = 28DC3DE6241FB1B200D06C7F /* NavigationController.swift */; };
		28DC3DE9241FDE1900D06C7F /* UIColor+Additions.swift in Sources */ = {isa = PBXBuildFile; fileRef = 28DC3DE8241FDE1800D06C7F /* UIColor+Additions.swift */; };
		28DC3DEB241FDE4200D06C7F /* UICollectionView+Addition.swift in Sources */ = {isa = PBXBuildFile; fileRef = 28DC3DEA241FDE4200D06C7F /* UICollectionView+Addition.swift */; };
		28DC3DED241FDE6600D06C7F /* UIView+Additions.swift in Sources */ = {isa = PBXBuildFile; fileRef = 28DC3DEC241FDE6600D06C7F /* UIView+Additions.swift */; };
		28DC3DF2241FF4A100D06C7F /* LoginViewController.swift in Sources */ = {isa = PBXBuildFile; fileRef = 28DC3DF1241FF4A100D06C7F /* LoginViewController.swift */; };
		28DC3DF5241FFAB100D06C7F /* AboutViewController.swift in Sources */ = {isa = PBXBuildFile; fileRef = 28DC3DF4241FFAB100D06C7F /* AboutViewController.swift */; };
		28DC3DF8242002DE00D06C7F /* AppSetting.swift in Sources */ = {isa = PBXBuildFile; fileRef = 28DC3DF7242002DE00D06C7F /* AppSetting.swift */; };
		57BC7EC13CC93C3D4768EC7C /* Pods_Winstars.framework in Frameworks */ = {isa = PBXBuildFile; fileRef = A0AD8E65AA71FB3B4E5793FD /* Pods_Winstars.framework */; };
/* End PBXBuildFile section */

/* Begin PBXFileReference section */
		280FED4A240E4C91002D2435 /* Winstars.app */ = {isa = PBXFileReference; explicitFileType = wrapper.application; includeInIndex = 0; path = Winstars.app; sourceTree = BUILT_PRODUCTS_DIR; };
		280FED4D240E4C91002D2435 /* AppDelegate.swift */ = {isa = PBXFileReference; lastKnownFileType = sourcecode.swift; path = AppDelegate.swift; sourceTree = "<group>"; };
		280FED4F240E4C91002D2435 /* SceneDelegate.swift */ = {isa = PBXFileReference; lastKnownFileType = sourcecode.swift; path = SceneDelegate.swift; sourceTree = "<group>"; };
		280FED54240E4C91002D2435 /* Base */ = {isa = PBXFileReference; lastKnownFileType = file.storyboard; name = Base; path = Base.lproj/Main.storyboard; sourceTree = "<group>"; };
		280FED56240E4C9D002D2435 /* Assets.xcassets */ = {isa = PBXFileReference; lastKnownFileType = folder.assetcatalog; path = Assets.xcassets; sourceTree = "<group>"; };
		280FED59240E4C9D002D2435 /* Base */ = {isa = PBXFileReference; lastKnownFileType = file.storyboard; name = Base; path = Base.lproj/LaunchScreen.storyboard; sourceTree = "<group>"; };
		280FED5B240E4C9D002D2435 /* Info.plist */ = {isa = PBXFileReference; lastKnownFileType = text.plist.xml; path = Info.plist; sourceTree = "<group>"; };
		280FED61240E531C002D2435 /* .gitignore */ = {isa = PBXFileReference; lastKnownFileType = text; path = .gitignore; sourceTree = "<group>"; };
		280FED6B240ED665002D2435 /* GoogleService-Info.plist */ = {isa = PBXFileReference; fileEncoding = 4; lastKnownFileType = text.plist.xml; path = "GoogleService-Info.plist"; sourceTree = "<group>"; };
		280FED6F240EECC2002D2435 /* README.md */ = {isa = PBXFileReference; fileEncoding = 4; lastKnownFileType = net.daringfireball.markdown; path = README.md; sourceTree = "<group>"; };
		280FED75240FADBA002D2435 /* Channel.swift */ = {isa = PBXFileReference; lastKnownFileType = sourcecode.swift; path = Channel.swift; sourceTree = "<group>"; };
		280FED78240FC194002D2435 /* GroupViewController.swift */ = {isa = PBXFileReference; lastKnownFileType = sourcecode.swift; path = GroupViewController.swift; sourceTree = "<group>"; };
		280FED8024101FEE002D2435 /* GroupViewTableViewCell.swift */ = {isa = PBXFileReference; lastKnownFileType = sourcecode.swift; path = GroupViewTableViewCell.swift; sourceTree = "<group>"; };
		282DC845244BD3D700F6E9FA /* VideoViewController.swift */ = {isa = PBXFileReference; lastKnownFileType = sourcecode.swift; path = VideoViewController.swift; sourceTree = "<group>"; };
		282DC847244BE85B00F6E9FA /* VideoTableViewCell.swift */ = {isa = PBXFileReference; lastKnownFileType = sourcecode.swift; path = VideoTableViewCell.swift; sourceTree = "<group>"; };
		282DC84C244D181A00F6E9FA /* GameViewController.swift */ = {isa = PBXFileReference; lastKnownFileType = sourcecode.swift; path = GameViewController.swift; sourceTree = "<group>"; };
		283F581D241B6ED20092E7D8 /* Message.swift */ = {isa = PBXFileReference; lastKnownFileType = sourcecode.swift; path = Message.swift; sourceTree = "<group>"; };
		283F5821241B72410092E7D8 /* ChannelViewController.swift */ = {isa = PBXFileReference; lastKnownFileType = sourcecode.swift; path = ChannelViewController.swift; sourceTree = "<group>"; };
		283F5826241BBD050092E7D8 /* Extention.swift */ = {isa = PBXFileReference; lastKnownFileType = sourcecode.swift; path = Extention.swift; sourceTree = "<group>"; };
		283F5828241BCCD90092E7D8 /* ChannelViewTableViewCell.swift */ = {isa = PBXFileReference; lastKnownFileType = sourcecode.swift; path = ChannelViewTableViewCell.swift; sourceTree = "<group>"; };
		283F5834241E2C040092E7D8 /* DatabaseRepresentation.swift */ = {isa = PBXFileReference; lastKnownFileType = sourcecode.swift; path = DatabaseRepresentation.swift; sourceTree = "<group>"; };
		283F5836241E48AF0092E7D8 /* Group.swift */ = {isa = PBXFileReference; lastKnownFileType = sourcecode.swift; path = Group.swift; sourceTree = "<group>"; };
		283F5838241F691B0092E7D8 /* AddChannelViewController.swift */ = {isa = PBXFileReference; lastKnownFileType = sourcecode.swift; path = AddChannelViewController.swift; sourceTree = "<group>"; };
		28DA3B9B2454AD29005B8C2E /* DistrictViewController.swift */ = {isa = PBXFileReference; lastKnownFileType = sourcecode.swift; path = DistrictViewController.swift; sourceTree = "<group>"; };
		28DA3B9D2454AF6A005B8C2E /* DistrictTableViewCell.swift */ = {isa = PBXFileReference; lastKnownFileType = sourcecode.swift; path = DistrictTableViewCell.swift; sourceTree = "<group>"; };
		28DC3DE4241F963500D06C7F /* ChatViewController.swift */ = {isa = PBXFileReference; lastKnownFileType = sourcecode.swift; path = ChatViewController.swift; sourceTree = "<group>"; };
		28DC3DE6241FB1B200D06C7F /* NavigationController.swift */ = {isa = PBXFileReference; lastKnownFileType = sourcecode.swift; path = NavigationController.swift; sourceTree = "<group>"; };
		28DC3DE8241FDE1800D06C7F /* UIColor+Additions.swift */ = {isa = PBXFileReference; lastKnownFileType = sourcecode.swift; path = "UIColor+Additions.swift"; sourceTree = "<group>"; };
		28DC3DEA241FDE4200D06C7F /* UICollectionView+Addition.swift */ = {isa = PBXFileReference; lastKnownFileType = sourcecode.swift; path = "UICollectionView+Addition.swift"; sourceTree = "<group>"; };
		28DC3DEC241FDE6600D06C7F /* UIView+Additions.swift */ = {isa = PBXFileReference; lastKnownFileType = sourcecode.swift; path = "UIView+Additions.swift"; sourceTree = "<group>"; };
		28DC3DF1241FF4A100D06C7F /* LoginViewController.swift */ = {isa = PBXFileReference; lastKnownFileType = sourcecode.swift; path = LoginViewController.swift; sourceTree = "<group>"; };
		28DC3DF4241FFAB100D06C7F /* AboutViewController.swift */ = {isa = PBXFileReference; lastKnownFileType = sourcecode.swift; path = AboutViewController.swift; sourceTree = "<group>"; };
		28DC3DF7242002DE00D06C7F /* AppSetting.swift */ = {isa = PBXFileReference; lastKnownFileType = sourcecode.swift; path = AppSetting.swift; sourceTree = "<group>"; };
		5D058205A266DD8A10EAD606 /* Pods-Winstars.debug.xcconfig */ = {isa = PBXFileReference; includeInIndex = 1; lastKnownFileType = text.xcconfig; name = "Pods-Winstars.debug.xcconfig"; path = "Target Support Files/Pods-Winstars/Pods-Winstars.debug.xcconfig"; sourceTree = "<group>"; };
		A0AD8E65AA71FB3B4E5793FD /* Pods_Winstars.framework */ = {isa = PBXFileReference; explicitFileType = wrapper.framework; includeInIndex = 0; path = Pods_Winstars.framework; sourceTree = BUILT_PRODUCTS_DIR; };
		C0E8980C0EBB4A9F9B44CBF4 /* Pods-Winstars.release.xcconfig */ = {isa = PBXFileReference; includeInIndex = 1; lastKnownFileType = text.xcconfig; name = "Pods-Winstars.release.xcconfig"; path = "Target Support Files/Pods-Winstars/Pods-Winstars.release.xcconfig"; sourceTree = "<group>"; };
/* End PBXFileReference section */

/* Begin PBXFrameworksBuildPhase section */
		280FED47240E4C91002D2435 /* Frameworks */ = {
			isa = PBXFrameworksBuildPhase;
			buildActionMask = 2147483647;
			files = (
				57BC7EC13CC93C3D4768EC7C /* Pods_Winstars.framework in Frameworks */,
			);
			runOnlyForDeploymentPostprocessing = 0;
		};
/* End PBXFrameworksBuildPhase section */

/* Begin PBXGroup section */
		280FED41240E4C91002D2435 = {
			isa = PBXGroup;
			children = (
				280FED6F240EECC2002D2435 /* README.md */,
				280FED61240E531C002D2435 /* .gitignore */,
				280FED4C240E4C91002D2435 /* Winstars */,
				280FED4B240E4C91002D2435 /* Products */,
				A20BA4FFA73C92C8C4E7983B /* Pods */,
				61A66066E1FE4EA61582AC4B /* Frameworks */,
			);
			sourceTree = "<group>";
		};
		280FED4B240E4C91002D2435 /* Products */ = {
			isa = PBXGroup;
			children = (
				280FED4A240E4C91002D2435 /* Winstars.app */,
			);
			name = Products;
			sourceTree = "<group>";
		};
		280FED4C240E4C91002D2435 /* Winstars */ = {
			isa = PBXGroup;
			children = (
				28DC3DF62420027E00D06C7F /* Controller */,
				283F5825241BBCEF0092E7D8 /* Extenstion */,
				280FED77240FC178002D2435 /* View Controller */,
				280FED74240FADAD002D2435 /* Model */,
				280FED53240E4C91002D2435 /* Main.storyboard */,
				280FED56240E4C9D002D2435 /* Assets.xcassets */,
				280FED58240E4C9D002D2435 /* LaunchScreen.storyboard */,
				280FED5B240E4C9D002D2435 /* Info.plist */,
				280FED6B240ED665002D2435 /* GoogleService-Info.plist */,
			);
			path = Winstars;
			sourceTree = "<group>";
		};
		280FED74240FADAD002D2435 /* Model */ = {
			isa = PBXGroup;
			children = (
				280FED75240FADBA002D2435 /* Channel.swift */,
				283F581D241B6ED20092E7D8 /* Message.swift */,
				283F5834241E2C040092E7D8 /* DatabaseRepresentation.swift */,
				283F5836241E48AF0092E7D8 /* Group.swift */,
			);
			path = Model;
			sourceTree = "<group>";
		};
		280FED77240FC178002D2435 /* View Controller */ = {
			isa = PBXGroup;
			children = (
				282DC84B244D17FE00F6E9FA /* Game */,
				282DC844244BD39E00F6E9FA /* Video */,
				28DC3DF3241FFA9D00D06C7F /* About */,
				28DC3DF0241FF41900D06C7F /* Login */,
				28DC3DE3241F8B0F00D06C7F /* Chat */,
				283F5824241B975C0092E7D8 /* Channel */,
				283F5823241B95A40092E7D8 /* Group */,
				28DC3DE6241FB1B200D06C7F /* NavigationController.swift */,
			);
			path = "View Controller";
			sourceTree = "<group>";
		};
		282DC844244BD39E00F6E9FA /* Video */ = {
			isa = PBXGroup;
			children = (
				282DC845244BD3D700F6E9FA /* VideoViewController.swift */,
				282DC847244BE85B00F6E9FA /* VideoTableViewCell.swift */,
				28DA3B9B2454AD29005B8C2E /* DistrictViewController.swift */,
				28DA3B9D2454AF6A005B8C2E /* DistrictTableViewCell.swift */,
			);
			path = Video;
			sourceTree = "<group>";
		};
		282DC84B244D17FE00F6E9FA /* Game */ = {
			isa = PBXGroup;
			children = (
				282DC84C244D181A00F6E9FA /* GameViewController.swift */,
			);
			path = Game;
			sourceTree = "<group>";
		};
		283F5823241B95A40092E7D8 /* Group */ = {
			isa = PBXGroup;
			children = (
				280FED78240FC194002D2435 /* GroupViewController.swift */,
				280FED8024101FEE002D2435 /* GroupViewTableViewCell.swift */,
			);
			path = Group;
			sourceTree = "<group>";
		};
		283F5824241B975C0092E7D8 /* Channel */ = {
			isa = PBXGroup;
			children = (
				283F5821241B72410092E7D8 /* ChannelViewController.swift */,
				283F5828241BCCD90092E7D8 /* ChannelViewTableViewCell.swift */,
				283F5838241F691B0092E7D8 /* AddChannelViewController.swift */,
			);
			path = Channel;
			sourceTree = "<group>";
		};
		283F5825241BBCEF0092E7D8 /* Extenstion */ = {
			isa = PBXGroup;
			children = (
				283F5826241BBD050092E7D8 /* Extention.swift */,
				28DC3DE8241FDE1800D06C7F /* UIColor+Additions.swift */,
				28DC3DEA241FDE4200D06C7F /* UICollectionView+Addition.swift */,
				28DC3DEC241FDE6600D06C7F /* UIView+Additions.swift */,
			);
			path = Extenstion;
			sourceTree = "<group>";
		};
		28DC3DE3241F8B0F00D06C7F /* Chat */ = {
			isa = PBXGroup;
			children = (
				28DC3DE4241F963500D06C7F /* ChatViewController.swift */,
			);
			path = Chat;
			sourceTree = "<group>";
		};
		28DC3DF0241FF41900D06C7F /* Login */ = {
			isa = PBXGroup;
			children = (
				28DC3DF1241FF4A100D06C7F /* LoginViewController.swift */,
			);
			path = Login;
			sourceTree = "<group>";
		};
		28DC3DF3241FFA9D00D06C7F /* About */ = {
			isa = PBXGroup;
			children = (
				28DC3DF4241FFAB100D06C7F /* AboutViewController.swift */,
			);
			path = About;
			sourceTree = "<group>";
		};
		28DC3DF62420027E00D06C7F /* Controller */ = {
			isa = PBXGroup;
			children = (
				280FED4F240E4C91002D2435 /* SceneDelegate.swift */,
				280FED4D240E4C91002D2435 /* AppDelegate.swift */,
				28DC3DF7242002DE00D06C7F /* AppSetting.swift */,
			);
			path = Controller;
			sourceTree = "<group>";
		};
		61A66066E1FE4EA61582AC4B /* Frameworks */ = {
			isa = PBXGroup;
			children = (
				A0AD8E65AA71FB3B4E5793FD /* Pods_Winstars.framework */,
			);
			name = Frameworks;
			sourceTree = "<group>";
		};
		A20BA4FFA73C92C8C4E7983B /* Pods */ = {
			isa = PBXGroup;
			children = (
				5D058205A266DD8A10EAD606 /* Pods-Winstars.debug.xcconfig */,
				C0E8980C0EBB4A9F9B44CBF4 /* Pods-Winstars.release.xcconfig */,
			);
			path = Pods;
			sourceTree = "<group>";
		};
/* End PBXGroup section */

/* Begin PBXNativeTarget section */
		280FED49240E4C91002D2435 /* Winstars */ = {
			isa = PBXNativeTarget;
			buildConfigurationList = 280FED5E240E4C9D002D2435 /* Build configuration list for PBXNativeTarget "Winstars" */;
			buildPhases = (
				FF11F77035E204526097484A /* [CP] Check Pods Manifest.lock */,
				280FED46240E4C91002D2435 /* Sources */,
				280FED47240E4C91002D2435 /* Frameworks */,
				280FED48240E4C91002D2435 /* Resources */,
				A4B93DD3BBF533ACB0065910 /* [CP] Embed Pods Frameworks */,
			);
			buildRules = (
			);
			dependencies = (
			);
			name = Winstars;
			productName = Winstars;
			productReference = 280FED4A240E4C91002D2435 /* Winstars.app */;
			productType = "com.apple.product-type.application";
		};
/* End PBXNativeTarget section */

/* Begin PBXProject section */
		280FED42240E4C91002D2435 /* Project object */ = {
			isa = PBXProject;
			attributes = {
				LastSwiftUpdateCheck = 1130;
				LastUpgradeCheck = 1130;
				ORGANIZATIONNAME = "Billy Chan";
				TargetAttributes = {
					280FED49240E4C91002D2435 = {
						CreatedOnToolsVersion = 11.3.1;
					};
				};
			};
			buildConfigurationList = 280FED45240E4C91002D2435 /* Build configuration list for PBXProject "Winstars" */;
			compatibilityVersion = "Xcode 9.3";
			developmentRegion = en;
			hasScannedForEncodings = 0;
			knownRegions = (
				en,
				Base,
			);
			mainGroup = 280FED41240E4C91002D2435;
			productRefGroup = 280FED4B240E4C91002D2435 /* Products */;
			projectDirPath = "";
			projectRoot = "";
			targets = (
				280FED49240E4C91002D2435 /* Winstars */,
			);
		};
/* End PBXProject section */

/* Begin PBXResourcesBuildPhase section */
		280FED48240E4C91002D2435 /* Resources */ = {
			isa = PBXResourcesBuildPhase;
			buildActionMask = 2147483647;
			files = (
				280FED70240EECC2002D2435 /* README.md in Resources */,
				280FED62240E531C002D2435 /* .gitignore in Resources */,
				280FED5A240E4C9D002D2435 /* LaunchScreen.storyboard in Resources */,
				280FED6C240ED665002D2435 /* GoogleService-Info.plist in Resources */,
				280FED57240E4C9D002D2435 /* Assets.xcassets in Resources */,
				280FED55240E4C91002D2435 /* Main.storyboard in Resources */,
			);
			runOnlyForDeploymentPostprocessing = 0;
		};
/* End PBXResourcesBuildPhase section */

/* Begin PBXShellScriptBuildPhase section */
		A4B93DD3BBF533ACB0065910 /* [CP] Embed Pods Frameworks */ = {
			isa = PBXShellScriptBuildPhase;
			buildActionMask = 2147483647;
			files = (
			);
			inputFileListPaths = (
				"${PODS_ROOT}/Target Support Files/Pods-Winstars/Pods-Winstars-frameworks-${CONFIGURATION}-input-files.xcfilelist",
			);
			name = "[CP] Embed Pods Frameworks";
			outputFileListPaths = (
				"${PODS_ROOT}/Target Support Files/Pods-Winstars/Pods-Winstars-frameworks-${CONFIGURATION}-output-files.xcfilelist",
			);
			runOnlyForDeploymentPostprocessing = 0;
			shellPath = /bin/sh;
			shellScript = "\"${PODS_ROOT}/Target Support Files/Pods-Winstars/Pods-Winstars-frameworks.sh\"\n";
			showEnvVarsInLog = 0;
		};
		FF11F77035E204526097484A /* [CP] Check Pods Manifest.lock */ = {
			isa = PBXShellScriptBuildPhase;
			buildActionMask = 2147483647;
			files = (
			);
			inputFileListPaths = (
			);
			inputPaths = (
				"${PODS_PODFILE_DIR_PATH}/Podfile.lock",
				"${PODS_ROOT}/Manifest.lock",
			);
			name = "[CP] Check Pods Manifest.lock";
			outputFileListPaths = (
			);
			outputPaths = (
				"$(DERIVED_FILE_DIR)/Pods-Winstars-checkManifestLockResult.txt",
			);
			runOnlyForDeploymentPostprocessing = 0;
			shellPath = /bin/sh;
			shellScript = "diff \"${PODS_PODFILE_DIR_PATH}/Podfile.lock\" \"${PODS_ROOT}/Manifest.lock\" > /dev/null\nif [ $? != 0 ] ; then\n    # print error to STDERR\n    echo \"error: The sandbox is not in sync with the Podfile.lock. Run 'pod install' or update your CocoaPods installation.\" >&2\n    exit 1\nfi\n# This output is used by Xcode 'outputs' to avoid re-running this script phase.\necho \"SUCCESS\" > \"${SCRIPT_OUTPUT_FILE_0}\"\n";
			showEnvVarsInLog = 0;
		};
/* End PBXShellScriptBuildPhase section */

/* Begin PBXSourcesBuildPhase section */
		280FED46240E4C91002D2435 /* Sources */ = {
			isa = PBXSourcesBuildPhase;
			buildActionMask = 2147483647;
			files = (
				28DC3DED241FDE6600D06C7F /* UIView+Additions.swift in Sources */,
				280FED4E240E4C91002D2435 /* AppDelegate.swift in Sources */,
				28DC3DF8242002DE00D06C7F /* AppSetting.swift in Sources */,
				282DC848244BE85B00F6E9FA /* VideoTableViewCell.swift in Sources */,
				280FED79240FC194002D2435 /* GroupViewController.swift in Sources */,
				280FED50240E4C91002D2435 /* SceneDelegate.swift in Sources */,
				28DC3DF2241FF4A100D06C7F /* LoginViewController.swift in Sources */,
				283F5835241E2C050092E7D8 /* DatabaseRepresentation.swift in Sources */,
				283F581E241B6ED20092E7D8 /* Message.swift in Sources */,
				282DC846244BD3D700F6E9FA /* VideoViewController.swift in Sources */,
				280FED8124101FEE002D2435 /* GroupViewTableViewCell.swift in Sources */,
				283F5837241E48B00092E7D8 /* Group.swift in Sources */,
				28DA3B9E2454AF6A005B8C2E /* DistrictTableViewCell.swift in Sources */,
				28DC3DE7241FB1B200D06C7F /* NavigationController.swift in Sources */,
				280FED76240FADBA002D2435 /* Channel.swift in Sources */,
				282DC84D244D181A00F6E9FA /* GameViewController.swift in Sources */,
				28DC3DE9241FDE1900D06C7F /* UIColor+Additions.swift in Sources */,
				28DC3DEB241FDE4200D06C7F /* UICollectionView+Addition.swift in Sources */,
				283F5829241BCCD90092E7D8 /* ChannelViewTableViewCell.swift in Sources */,
				283F5822241B72410092E7D8 /* ChannelViewController.swift in Sources */,
				28DC3DE5241F963500D06C7F /* ChatViewController.swift in Sources */,
				28DA3B9C2454AD29005B8C2E /* DistrictViewController.swift in Sources */,
				283F5827241BBD050092E7D8 /* Extention.swift in Sources */,
				283F5839241F691C0092E7D8 /* AddChannelViewController.swift in Sources */,
				28DC3DF5241FFAB100D06C7F /* AboutViewController.swift in Sources */,
			);
			runOnlyForDeploymentPostprocessing = 0;
		};
/* End PBXSourcesBuildPhase section */

/* Begin PBXVariantGroup section */
		280FED53240E4C91002D2435 /* Main.storyboard */ = {
			isa = PBXVariantGroup;
			children = (
				280FED54240E4C91002D2435 /* Base */,
			);
			name = Main.storyboard;
			sourceTree = "<group>";
		};
		280FED58240E4C9D002D2435 /* LaunchScreen.storyboard */ = {
			isa = PBXVariantGroup;
			children = (
				280FED59240E4C9D002D2435 /* Base */,
			);
			name = LaunchScreen.storyboard;
			sourceTree = "<group>";
		};
/* End PBXVariantGroup section */

/* Begin XCBuildConfiguration section */
		280FED5C240E4C9D002D2435 /* Debug */ = {
			isa = XCBuildConfiguration;
			buildSettings = {
				ALWAYS_SEARCH_USER_PATHS = NO;
				CLANG_ANALYZER_NONNULL = YES;
				CLANG_ANALYZER_NUMBER_OBJECT_CONVERSION = YES_AGGRESSIVE;
				CLANG_CXX_LANGUAGE_STANDARD = "gnu++14";
				CLANG_CXX_LIBRARY = "libc++";
				CLANG_ENABLE_MODULES = YES;
				CLANG_ENABLE_OBJC_ARC = YES;
				CLANG_ENABLE_OBJC_WEAK = YES;
				CLANG_WARN_BLOCK_CAPTURE_AUTORELEASING = YES;
				CLANG_WARN_BOOL_CONVERSION = YES;
				CLANG_WARN_COMMA = YES;
				CLANG_WARN_CONSTANT_CONVERSION = YES;
				CLANG_WARN_DEPRECATED_OBJC_IMPLEMENTATIONS = YES;
				CLANG_WARN_DIRECT_OBJC_ISA_USAGE = YES_ERROR;
				CLANG_WARN_DOCUMENTATION_COMMENTS = YES;
				CLANG_WARN_EMPTY_BODY = YES;
				CLANG_WARN_ENUM_CONVERSION = YES;
				CLANG_WARN_INFINITE_RECURSION = YES;
				CLANG_WARN_INT_CONVERSION = YES;
				CLANG_WARN_NON_LITERAL_NULL_CONVERSION = YES;
				CLANG_WARN_OBJC_IMPLICIT_RETAIN_SELF = YES;
				CLANG_WARN_OBJC_LITERAL_CONVERSION = YES;
				CLANG_WARN_OBJC_ROOT_CLASS = YES_ERROR;
				CLANG_WARN_RANGE_LOOP_ANALYSIS = YES;
				CLANG_WARN_STRICT_PROTOTYPES = YES;
				CLANG_WARN_SUSPICIOUS_MOVE = YES;
				CLANG_WARN_UNGUARDED_AVAILABILITY = YES_AGGRESSIVE;
				CLANG_WARN_UNREACHABLE_CODE = YES;
				CLANG_WARN__DUPLICATE_METHOD_MATCH = YES;
				COPY_PHASE_STRIP = NO;
				DEBUG_INFORMATION_FORMAT = dwarf;
				ENABLE_STRICT_OBJC_MSGSEND = YES;
				ENABLE_TESTABILITY = YES;
				GCC_C_LANGUAGE_STANDARD = gnu11;
				GCC_DYNAMIC_NO_PIC = NO;
				GCC_NO_COMMON_BLOCKS = YES;
				GCC_OPTIMIZATION_LEVEL = 0;
				GCC_PREPROCESSOR_DEFINITIONS = (
					"DEBUG=1",
					"$(inherited)",
				);
				GCC_WARN_64_TO_32_BIT_CONVERSION = YES;
				GCC_WARN_ABOUT_RETURN_TYPE = YES_ERROR;
				GCC_WARN_UNDECLARED_SELECTOR = YES;
				GCC_WARN_UNINITIALIZED_AUTOS = YES_AGGRESSIVE;
				GCC_WARN_UNUSED_FUNCTION = YES;
				GCC_WARN_UNUSED_VARIABLE = YES;
				IPHONEOS_DEPLOYMENT_TARGET = 13.2;
				MTL_ENABLE_DEBUG_INFO = INCLUDE_SOURCE;
				MTL_FAST_MATH = YES;
				ONLY_ACTIVE_ARCH = YES;
				SDKROOT = iphoneos;
				SWIFT_ACTIVE_COMPILATION_CONDITIONS = DEBUG;
				SWIFT_OPTIMIZATION_LEVEL = "-Onone";
			};
			name = Debug;
		};
		280FED5D240E4C9D002D2435 /* Release */ = {
			isa = XCBuildConfiguration;
			buildSettings = {
				ALWAYS_SEARCH_USER_PATHS = NO;
				CLANG_ANALYZER_NONNULL = YES;
				CLANG_ANALYZER_NUMBER_OBJECT_CONVERSION = YES_AGGRESSIVE;
				CLANG_CXX_LANGUAGE_STANDARD = "gnu++14";
				CLANG_CXX_LIBRARY = "libc++";
				CLANG_ENABLE_MODULES = YES;
				CLANG_ENABLE_OBJC_ARC = YES;
				CLANG_ENABLE_OBJC_WEAK = YES;
				CLANG_WARN_BLOCK_CAPTURE_AUTORELEASING = YES;
				CLANG_WARN_BOOL_CONVERSION = YES;
				CLANG_WARN_COMMA = YES;
				CLANG_WARN_CONSTANT_CONVERSION = YES;
				CLANG_WARN_DEPRECATED_OBJC_IMPLEMENTATIONS = YES;
				CLANG_WARN_DIRECT_OBJC_ISA_USAGE = YES_ERROR;
				CLANG_WARN_DOCUMENTATION_COMMENTS = YES;
				CLANG_WARN_EMPTY_BODY = YES;
				CLANG_WARN_ENUM_CONVERSION = YES;
				CLANG_WARN_INFINITE_RECURSION = YES;
				CLANG_WARN_INT_CONVERSION = YES;
				CLANG_WARN_NON_LITERAL_NULL_CONVERSION = YES;
				CLANG_WARN_OBJC_IMPLICIT_RETAIN_SELF = YES;
				CLANG_WARN_OBJC_LITERAL_CONVERSION = YES;
				CLANG_WARN_OBJC_ROOT_CLASS = YES_ERROR;
				CLANG_WARN_RANGE_LOOP_ANALYSIS = YES;
				CLANG_WARN_STRICT_PROTOTYPES = YES;
				CLANG_WARN_SUSPICIOUS_MOVE = YES;
				CLANG_WARN_UNGUARDED_AVAILABILITY = YES_AGGRESSIVE;
				CLANG_WARN_UNREACHABLE_CODE = YES;
				CLANG_WARN__DUPLICATE_METHOD_MATCH = YES;
				COPY_PHASE_STRIP = NO;
				DEBUG_INFORMATION_FORMAT = "dwarf-with-dsym";
				ENABLE_NS_ASSERTIONS = NO;
				ENABLE_STRICT_OBJC_MSGSEND = YES;
				GCC_C_LANGUAGE_STANDARD = gnu11;
				GCC_NO_COMMON_BLOCKS = YES;
				GCC_WARN_64_TO_32_BIT_CONVERSION = YES;
				GCC_WARN_ABOUT_RETURN_TYPE = YES_ERROR;
				GCC_WARN_UNDECLARED_SELECTOR = YES;
				GCC_WARN_UNINITIALIZED_AUTOS = YES_AGGRESSIVE;
				GCC_WARN_UNUSED_FUNCTION = YES;
				GCC_WARN_UNUSED_VARIABLE = YES;
				IPHONEOS_DEPLOYMENT_TARGET = 13.2;
				MTL_ENABLE_DEBUG_INFO = NO;
				MTL_FAST_MATH = YES;
				SDKROOT = iphoneos;
				SWIFT_COMPILATION_MODE = wholemodule;
				SWIFT_OPTIMIZATION_LEVEL = "-O";
				VALIDATE_PRODUCT = YES;
			};
			name = Release;
		};
		280FED5F240E4C9D002D2435 /* Debug */ = {
			isa = XCBuildConfiguration;
			baseConfigurationReference = 5D058205A266DD8A10EAD606 /* Pods-Winstars.debug.xcconfig */;
			buildSettings = {
				ASSETCATALOG_COMPILER_APPICON_NAME = AppIcon;
				CODE_SIGN_STYLE = Automatic;
				DEVELOPMENT_TEAM = "";
				EXCLUDED_ARCHS = arm64;
				INFOPLIST_FILE = Winstars/Info.plist;
				LD_RUNPATH_SEARCH_PATHS = (
					"$(inherited)",
					"@executable_path/Frameworks",
				);
				PRODUCT_BUNDLE_IDENTIFIER = com.billychan.Winstars;
				PRODUCT_NAME = "$(TARGET_NAME)";
				SWIFT_VERSION = 5.0;
				TARGETED_DEVICE_FAMILY = "1,2";
			};
			name = Debug;
		};
		280FED60240E4C9D002D2435 /* Release */ = {
			isa = XCBuildConfiguration;
			baseConfigurationReference = C0E8980C0EBB4A9F9B44CBF4 /* Pods-Winstars.release.xcconfig */;
			buildSettings = {
				ASSETCATALOG_COMPILER_APPICON_NAME = AppIcon;
				CODE_SIGN_STYLE = Automatic;
				DEVELOPMENT_TEAM = "";
				EXCLUDED_ARCHS = arm64;
				INFOPLIST_FILE = Winstars/Info.plist;
				LD_RUNPATH_SEARCH_PATHS = (
					"$(inherited)",
					"@executable_path/Frameworks",
				);
				PRODUCT_BUNDLE_IDENTIFIER = com.billychan.Winstars;
				PRODUCT_NAME = "$(TARGET_NAME)";
				SWIFT_VERSION = 5.0;
				TARGETED_DEVICE_FAMILY = "1,2";
			};
			name = Release;
		};
/* End XCBuildConfiguration section */

/* Begin XCConfigurationList section */
		280FED45240E4C91002D2435 /* Build configuration list for PBXProject "Winstars" */ = {
			isa = XCConfigurationList;
			buildConfigurations = (
				280FED5C240E4C9D002D2435 /* Debug */,
				280FED5D240E4C9D002D2435 /* Release */,
			);
			defaultConfigurationIsVisible = 0;
			defaultConfigurationName = Release;
		};
		280FED5E240E4C9D002D2435 /* Build configuration list for PBXNativeTarget "Winstars" */ = {
			isa = XCConfigurationList;
			buildConfigurations = (
				280FED5F240E4C9D002D2435 /* Debug */,
				280FED60240E4C9D002D2435 /* Release */,
			);
			defaultConfigurationIsVisible = 0;
			defaultConfigurationName = Release;
		};
/* End XCConfigurationList section */
	};
	rootObject = 280FED42240E4C91002D2435 /* Project object */;
}
